
Microsoft Visual Studio Solution File, Format Version 12.00
# Visual Studio Version 16
VisualStudioVersion = 16.0.30907.101
MinimumVisualStudioVersion = 10.0.40219.1
Project("{FAE04EC0-301F-11D3-BF4B-00C04F79EFBC}") = "6", "6\6.csproj", "{E8091E9E-5021-408F-8F3B-BEAF70DE5880}"
EndProject
Global
	GlobalSection(SolutionConfigurationPlatforms) = preSolution
		Debug|Any CPU = Debug|Any CPU
		Release|Any CPU = Release|Any CPU
	EndGlobalSection
	GlobalSection(ProjectConfigurationPlatforms) = postSolution
		{E8091E9E-5021-408F-8F3B-BEAF70DE5880}.Debug|Any CPU.ActiveCfg = Debug|Any CPU
		{E8091E9E-5021-408F-8F3B-BEAF70DE5880}.Debug|Any CPU.Build.0 = Debug|Any CPU
		{E8091E9E-5021-408F-8F3B-BEAF70DE5880}.Release|Any CPU.ActiveCfg = Release|Any CPU
		{E8091E9E-5021-408F-8F3B-BEAF70DE5880}.Release|Any CPU.Build.0 = Release|Any CPU
	EndGlobalSection
	GlobalSection(SolutionProperties) = preSolution
		HideSolutionNode = FALSE
	EndGlobalSection
	GlobalSection(ExtensibilityGlobals) = postSolution
		SolutionGuid = {A4A30F08-2391-46CD-B82D-BDC9DA6CB4F5}
	EndGlobalSection
EndGlobal
