
Microsoft Visual Studio Solution File, Format Version 12.00
# Visual Studio Version 16
VisualStudioVersion = 16.0.30907.101
MinimumVisualStudioVersion = 10.0.40219.1
Project("{FAE04EC0-301F-11D3-BF4B-00C04F79EFBC}") = "3", "3\3.csproj", "{A70777F7-3E9E-4804-9F52-CBB866912DC5}"
EndProject
Global
	GlobalSection(SolutionConfigurationPlatforms) = preSolution
		Debug|Any CPU = Debug|Any CPU
		Release|Any CPU = Release|Any CPU
	EndGlobalSection
	GlobalSection(ProjectConfigurationPlatforms) = postSolution
		{A70777F7-3E9E-4804-9F52-CBB866912DC5}.Debug|Any CPU.ActiveCfg = Debug|Any CPU
		{A70777F7-3E9E-4804-9F52-CBB866912DC5}.Debug|Any CPU.Build.0 = Debug|Any CPU
		{A70777F7-3E9E-4804-9F52-CBB866912DC5}.Release|Any CPU.ActiveCfg = Release|Any CPU
		{A70777F7-3E9E-4804-9F52-CBB866912DC5}.Release|Any CPU.Build.0 = Release|Any CPU
	EndGlobalSection
	GlobalSection(SolutionProperties) = preSolution
		HideSolutionNode = FALSE
	EndGlobalSection
	GlobalSection(ExtensibilityGlobals) = postSolution
		SolutionGuid = {3C4ED212-C799-4DD7-9C69-4357D4D188E0}
	EndGlobalSection
EndGlobal
